
Microsoft Visual Studio Solution File, Format Version 12.00
# Visual Studio Version 17
VisualStudioVersion = 17.14.36414.22 d17.14
MinimumVisualStudioVersion = 10.0.40219.1
Project("{FAE04EC0-301F-11D3-BF4B-00C04F79EFBC}") = "IntelliMonWPF", "IntelliMonWPF\IntelliMonWPF.csproj", "{3E54EBF6-A81B-4A9E-A270-EABC05248B71}"
EndProject
Global
	GlobalSection(SolutionConfigurationPlatforms) = preSolution
		Debug|Any CPU = Debug|Any CPU
		Release|Any CPU = Release|Any CPU
	EndGlobalSection
	GlobalSection(ProjectConfigurationPlatforms) = postSolution
		{3E54EBF6-A81B-4A9E-A270-EABC05248B71}.Debug|Any CPU.ActiveCfg = Debug|Any CPU
		{3E54EBF6-A81B-4A9E-A270-EABC05248B71}.Debug|Any CPU.Build.0 = Debug|Any CPU
		{3E54EBF6-A81B-4A9E-A270-EABC05248B71}.Release|Any CPU.ActiveCfg = Release|Any CPU
		{3E54EBF6-A81B-4A9E-A270-EABC05248B71}.Release|Any CPU.Build.0 = Release|Any CPU
	EndGlobalSection
	GlobalSection(SolutionProperties) = preSolution
		HideSolutionNode = FALSE
	EndGlobalSection
	GlobalSection(ExtensibilityGlobals) = postSolution
		SolutionGuid = {42D111DF-EE2A-467F-AD33-BF381958EB27}
	EndGlobalSection
EndGlobal
